
Microsoft Visual Studio Solution File, Format Version 12.00
Project("{FAE04EC0-301F-11D3-BF4B-00C04F79EFBC}") = "IdentityService.Api", "IdentityService.Api\IdentityService.Api.csproj", "{6D8AD561-C66F-44E7-9F49-05DB44AEEC66}"
EndProject
Project("{FAE04EC0-301F-11D3-BF4B-00C04F79EFBC}") = "IdentityService.Application", "IdentityService.Application\IdentityService.Application.csproj", "{E10BB208-800D-4F72-89E3-6CD11B68FD60}"
EndProject
Project("{FAE04EC0-301F-11D3-BF4B-00C04F79EFBC}") = "IdentityService.Domain", "IdentityService.Domain\IdentityService.Domain.csproj", "{CF85CDAF-4F56-423F-88D9-B3EA64071E22}"
EndProject
Project("{FAE04EC0-301F-11D3-BF4B-00C04F79EFBC}") = "IdentityService.Infrastructure", "IdentityService.Infrastructure\IdentityService.Infrastructure.csproj", "{65B994BB-F7C2-41E4-8287-AF51D8DB2923}"
EndProject
Project("{2150E333-8FDC-42A3-9474-1A3956D46DE8}") = "CatalogService", "CatalogService", "{F483C296-C9EE-442D-8ACB-06E4536910E6}"
EndProject
Project("{FAE04EC0-301F-11D3-BF4B-00C04F79EFBC}") = "CatalogService.Api", "CatalogService.Api\CatalogService.Api.csproj", "{272A700F-3975-49E7-9108-7D99D034BBB0}"
EndProject
Project("{FAE04EC0-301F-11D3-BF4B-00C04F79EFBC}") = "CatalogService.Infrastructure", "CatalogService.Infrastructure\CatalogService.Infrastructure.csproj", "{75B1C60A-AF01-4443-934A-7585785F54E1}"
EndProject
Project("{FAE04EC0-301F-11D3-BF4B-00C04F79EFBC}") = "CatalogService.Application", "CatalogService.Application\CatalogService.Application.csproj", "{659697FD-52E3-4170-BF3E-2940FB454D37}"
EndProject
Project("{FAE04EC0-301F-11D3-BF4B-00C04F79EFBC}") = "CatalogService.Domain", "CatalogService.Domain\CatalogService.Domain.csproj", "{E12254E3-2F78-4FB9-8397-BB701779DF4A}"
EndProject
Project("{2150E333-8FDC-42A3-9474-1A3956D46DE8}") = "IdentityService", "IdentityService", "{49A76975-979A-46D3-A064-F876030BE6C1}"
EndProject
Project("{2150E333-8FDC-42A3-9474-1A3956D46DE8}") = "OrdersService", "OrdersService", "{308AAC4A-2ECD-47DD-883B-EF5EACC10C82}"
EndProject
Project("{FAE04EC0-301F-11D3-BF4B-00C04F79EFBC}") = "OrdersService.Api", "OrdersService.Api\OrdersService.Api.csproj", "{FCD5ECD8-1232-4595-A266-550667B17C3A}"
EndProject
Project("{FAE04EC0-301F-11D3-BF4B-00C04F79EFBC}") = "OrdersService.Domain", "OrdersService.Domain\OrdersService.Domain.csproj", "{5EE7283B-26D3-4CF7-A750-53B8D2E42DE9}"
EndProject
Project("{FAE04EC0-301F-11D3-BF4B-00C04F79EFBC}") = "OrdersService.Infrastructure", "OrdersService.Infrastructure\OrdersService.Infrastructure.csproj", "{54E8AE5A-F7FF-43FC-82B4-D0A47AB371C1}"
EndProject
Project("{FAE04EC0-301F-11D3-BF4B-00C04F79EFBC}") = "OrdersService.Application", "OrdersService.Application\OrdersService.Application.csproj", "{45AB6EC1-D82C-4057-A64F-B2DF707EE46C}"
EndProject
Project("{2150E333-8FDC-42A3-9474-1A3956D46DE8}") = "Solution Items", "Solution Items", "{B79D06E6-2735-4D68-9C45-15E2A00381B7}"
	ProjectSection(SolutionItems) = preProject
		compose.yaml = compose.yaml
	EndProjectSection
EndProject
Global
	GlobalSection(SolutionConfigurationPlatforms) = preSolution
		Debug|Any CPU = Debug|Any CPU
		Release|Any CPU = Release|Any CPU
	EndGlobalSection
	GlobalSection(ProjectConfigurationPlatforms) = postSolution
		{6D8AD561-C66F-44E7-9F49-05DB44AEEC66}.Debug|Any CPU.ActiveCfg = Debug|Any CPU
		{6D8AD561-C66F-44E7-9F49-05DB44AEEC66}.Debug|Any CPU.Build.0 = Debug|Any CPU
		{6D8AD561-C66F-44E7-9F49-05DB44AEEC66}.Release|Any CPU.ActiveCfg = Release|Any CPU
		{6D8AD561-C66F-44E7-9F49-05DB44AEEC66}.Release|Any CPU.Build.0 = Release|Any CPU
		{E10BB208-800D-4F72-89E3-6CD11B68FD60}.Debug|Any CPU.ActiveCfg = Debug|Any CPU
		{E10BB208-800D-4F72-89E3-6CD11B68FD60}.Debug|Any CPU.Build.0 = Debug|Any CPU
		{E10BB208-800D-4F72-89E3-6CD11B68FD60}.Release|Any CPU.ActiveCfg = Release|Any CPU
		{E10BB208-800D-4F72-89E3-6CD11B68FD60}.Release|Any CPU.Build.0 = Release|Any CPU
		{CF85CDAF-4F56-423F-88D9-B3EA64071E22}.Debug|Any CPU.ActiveCfg = Debug|Any CPU
		{CF85CDAF-4F56-423F-88D9-B3EA64071E22}.Debug|Any CPU.Build.0 = Debug|Any CPU
		{CF85CDAF-4F56-423F-88D9-B3EA64071E22}.Release|Any CPU.ActiveCfg = Release|Any CPU
		{CF85CDAF-4F56-423F-88D9-B3EA64071E22}.Release|Any CPU.Build.0 = Release|Any CPU
		{65B994BB-F7C2-41E4-8287-AF51D8DB2923}.Debug|Any CPU.ActiveCfg = Debug|Any CPU
		{65B994BB-F7C2-41E4-8287-AF51D8DB2923}.Debug|Any CPU.Build.0 = Debug|Any CPU
		{65B994BB-F7C2-41E4-8287-AF51D8DB2923}.Release|Any CPU.ActiveCfg = Release|Any CPU
		{65B994BB-F7C2-41E4-8287-AF51D8DB2923}.Release|Any CPU.Build.0 = Release|Any CPU
		{272A700F-3975-49E7-9108-7D99D034BBB0}.Debug|Any CPU.ActiveCfg = Debug|Any CPU
		{272A700F-3975-49E7-9108-7D99D034BBB0}.Debug|Any CPU.Build.0 = Debug|Any CPU
		{272A700F-3975-49E7-9108-7D99D034BBB0}.Release|Any CPU.ActiveCfg = Release|Any CPU
		{272A700F-3975-49E7-9108-7D99D034BBB0}.Release|Any CPU.Build.0 = Release|Any CPU
		{75B1C60A-AF01-4443-934A-7585785F54E1}.Debug|Any CPU.ActiveCfg = Debug|Any CPU
		{75B1C60A-AF01-4443-934A-7585785F54E1}.Debug|Any CPU.Build.0 = Debug|Any CPU
		{75B1C60A-AF01-4443-934A-7585785F54E1}.Release|Any CPU.ActiveCfg = Release|Any CPU
		{75B1C60A-AF01-4443-934A-7585785F54E1}.Release|Any CPU.Build.0 = Release|Any CPU
		{659697FD-52E3-4170-BF3E-2940FB454D37}.Debug|Any CPU.ActiveCfg = Debug|Any CPU
		{659697FD-52E3-4170-BF3E-2940FB454D37}.Debug|Any CPU.Build.0 = Debug|Any CPU
		{659697FD-52E3-4170-BF3E-2940FB454D37}.Release|Any CPU.ActiveCfg = Release|Any CPU
		{659697FD-52E3-4170-BF3E-2940FB454D37}.Release|Any CPU.Build.0 = Release|Any CPU
		{E12254E3-2F78-4FB9-8397-BB701779DF4A}.Debug|Any CPU.ActiveCfg = Debug|Any CPU
		{E12254E3-2F78-4FB9-8397-BB701779DF4A}.Debug|Any CPU.Build.0 = Debug|Any CPU
		{E12254E3-2F78-4FB9-8397-BB701779DF4A}.Release|Any CPU.ActiveCfg = Release|Any CPU
		{E12254E3-2F78-4FB9-8397-BB701779DF4A}.Release|Any CPU.Build.0 = Release|Any CPU
		{FCD5ECD8-1232-4595-A266-550667B17C3A}.Debug|Any CPU.ActiveCfg = Debug|Any CPU
		{FCD5ECD8-1232-4595-A266-550667B17C3A}.Debug|Any CPU.Build.0 = Debug|Any CPU
		{FCD5ECD8-1232-4595-A266-550667B17C3A}.Release|Any CPU.ActiveCfg = Release|Any CPU
		{FCD5ECD8-1232-4595-A266-550667B17C3A}.Release|Any CPU.Build.0 = Release|Any CPU
		{5EE7283B-26D3-4CF7-A750-53B8D2E42DE9}.Debug|Any CPU.ActiveCfg = Debug|Any CPU
		{5EE7283B-26D3-4CF7-A750-53B8D2E42DE9}.Debug|Any CPU.Build.0 = Debug|Any CPU
		{5EE7283B-26D3-4CF7-A750-53B8D2E42DE9}.Release|Any CPU.ActiveCfg = Release|Any CPU
		{5EE7283B-26D3-4CF7-A750-53B8D2E42DE9}.Release|Any CPU.Build.0 = Release|Any CPU
		{54E8AE5A-F7FF-43FC-82B4-D0A47AB371C1}.Debug|Any CPU.ActiveCfg = Debug|Any CPU
		{54E8AE5A-F7FF-43FC-82B4-D0A47AB371C1}.Debug|Any CPU.Build.0 = Debug|Any CPU
		{54E8AE5A-F7FF-43FC-82B4-D0A47AB371C1}.Release|Any CPU.ActiveCfg = Release|Any CPU
		{54E8AE5A-F7FF-43FC-82B4-D0A47AB371C1}.Release|Any CPU.Build.0 = Release|Any CPU
		{45AB6EC1-D82C-4057-A64F-B2DF707EE46C}.Debug|Any CPU.ActiveCfg = Debug|Any CPU
		{45AB6EC1-D82C-4057-A64F-B2DF707EE46C}.Debug|Any CPU.Build.0 = Debug|Any CPU
		{45AB6EC1-D82C-4057-A64F-B2DF707EE46C}.Release|Any CPU.ActiveCfg = Release|Any CPU
		{45AB6EC1-D82C-4057-A64F-B2DF707EE46C}.Release|Any CPU.Build.0 = Release|Any CPU
	EndGlobalSection
	GlobalSection(NestedProjects) = preSolution
		{272A700F-3975-49E7-9108-7D99D034BBB0} = {F483C296-C9EE-442D-8ACB-06E4536910E6}
		{75B1C60A-AF01-4443-934A-7585785F54E1} = {F483C296-C9EE-442D-8ACB-06E4536910E6}
		{659697FD-52E3-4170-BF3E-2940FB454D37} = {F483C296-C9EE-442D-8ACB-06E4536910E6}
		{E12254E3-2F78-4FB9-8397-BB701779DF4A} = {F483C296-C9EE-442D-8ACB-06E4536910E6}
		{E10BB208-800D-4F72-89E3-6CD11B68FD60} = {49A76975-979A-46D3-A064-F876030BE6C1}
		{6D8AD561-C66F-44E7-9F49-05DB44AEEC66} = {49A76975-979A-46D3-A064-F876030BE6C1}
		{CF85CDAF-4F56-423F-88D9-B3EA64071E22} = {49A76975-979A-46D3-A064-F876030BE6C1}
		{65B994BB-F7C2-41E4-8287-AF51D8DB2923} = {49A76975-979A-46D3-A064-F876030BE6C1}
		{FCD5ECD8-1232-4595-A266-550667B17C3A} = {308AAC4A-2ECD-47DD-883B-EF5EACC10C82}
		{5EE7283B-26D3-4CF7-A750-53B8D2E42DE9} = {308AAC4A-2ECD-47DD-883B-EF5EACC10C82}
		{54E8AE5A-F7FF-43FC-82B4-D0A47AB371C1} = {308AAC4A-2ECD-47DD-883B-EF5EACC10C82}
		{45AB6EC1-D82C-4057-A64F-B2DF707EE46C} = {308AAC4A-2ECD-47DD-883B-EF5EACC10C82}
	EndGlobalSection
EndGlobal
